
Microsoft Visual Studio Solution File, Format Version 12.00
# Visual Studio Version 17
VisualStudioVersion = 17.6.33829.357
MinimumVisualStudioVersion = 10.0.40219.1
Project("{FAE04EC0-301F-11D3-BF4B-00C04F79EFBC}") = "Expander_WPF", "Expander_WPF\Expander_WPF.csproj", "{DAF047F2-B3DD-4229-B10A-11D52E2F8504}"
EndProject
Global
	GlobalSection(SolutionConfigurationPlatforms) = preSolution
		Debug|Any CPU = Debug|Any CPU
		Release|Any CPU = Release|Any CPU
	EndGlobalSection
	GlobalSection(ProjectConfigurationPlatforms) = postSolution
		{DAF047F2-B3DD-4229-B10A-11D52E2F8504}.Debug|Any CPU.ActiveCfg = Debug|Any CPU
		{DAF047F2-B3DD-4229-B10A-11D52E2F8504}.Debug|Any CPU.Build.0 = Debug|Any CPU
		{DAF047F2-B3DD-4229-B10A-11D52E2F8504}.Release|Any CPU.ActiveCfg = Release|Any CPU
		{DAF047F2-B3DD-4229-B10A-11D52E2F8504}.Release|Any CPU.Build.0 = Release|Any CPU
	EndGlobalSection
	GlobalSection(SolutionProperties) = preSolution
		HideSolutionNode = FALSE
	EndGlobalSection
	GlobalSection(ExtensibilityGlobals) = postSolution
		SolutionGuid = {E9E6A445-968E-450B-824B-49DEABF8C683}
	EndGlobalSection
EndGlobal
