
Microsoft Visual Studio Solution File, Format Version 12.00
# Visual Studio Version 17
VisualStudioVersion = 17.6.33829.357
MinimumVisualStudioVersion = 10.0.40219.1
Project("{FAE04EC0-301F-11D3-BF4B-00C04F79EFBC}") = "Scroll_Viewer", "Scroll_Viewer\Scroll_Viewer.csproj", "{92FF8345-8A7E-44EF-9281-23E4E66989CA}"
EndProject
Global
	GlobalSection(SolutionConfigurationPlatforms) = preSolution
		Debug|Any CPU = Debug|Any CPU
		Release|Any CPU = Release|Any CPU
	EndGlobalSection
	GlobalSection(ProjectConfigurationPlatforms) = postSolution
		{92FF8345-8A7E-44EF-9281-23E4E66989CA}.Debug|Any CPU.ActiveCfg = Debug|Any CPU
		{92FF8345-8A7E-44EF-9281-23E4E66989CA}.Debug|Any CPU.Build.0 = Debug|Any CPU
		{92FF8345-8A7E-44EF-9281-23E4E66989CA}.Release|Any CPU.ActiveCfg = Release|Any CPU
		{92FF8345-8A7E-44EF-9281-23E4E66989CA}.Release|Any CPU.Build.0 = Release|Any CPU
	EndGlobalSection
	GlobalSection(SolutionProperties) = preSolution
		HideSolutionNode = FALSE
	EndGlobalSection
	GlobalSection(ExtensibilityGlobals) = postSolution
		SolutionGuid = {7F97C1AC-3011-40AC-843A-A207095AA1A5}
	EndGlobalSection
EndGlobal
